
Microsoft Visual Studio Solution File, Format Version 12.00
# Visual Studio Version 17
VisualStudioVersion = 17.9.34728.123
MinimumVisualStudioVersion = 10.0.40219.1
Project("{888888A0-9F3D-457C-B088-3A5042F75D52}") = "Gamble", "Gamble\Gamble.pyproj", "{36F8450C-4AFE-4F0F-AC7C-3296337478C7}"
EndProject
Global
	GlobalSection(SolutionConfigurationPlatforms) = preSolution
		Debug|Any CPU = Debug|Any CPU
		Release|Any CPU = Release|Any CPU
	EndGlobalSection
	GlobalSection(ProjectConfigurationPlatforms) = postSolution
		{36F8450C-4AFE-4F0F-AC7C-3296337478C7}.Debug|Any CPU.ActiveCfg = Debug|Any CPU
		{36F8450C-4AFE-4F0F-AC7C-3296337478C7}.Release|Any CPU.ActiveCfg = Release|Any CPU
	EndGlobalSection
	GlobalSection(SolutionProperties) = preSolution
		HideSolutionNode = FALSE
	EndGlobalSection
	GlobalSection(ExtensibilityGlobals) = postSolution
		SolutionGuid = {8ABB4E67-CF84-4AA0-9A1D-FE33CB2B16CF}
	EndGlobalSection
EndGlobal
